
Microsoft Visual Studio Solution File, Format Version 12.00
# Visual Studio Version 17
VisualStudioVersion = 17.10.35004.147
MinimumVisualStudioVersion = 10.0.40219.1
Project("{FAE04EC0-301F-11D3-BF4B-00C04F79EFBC}") = "tema6", "tema6\tema6.csproj", "{3124B025-037D-4440-8227-E31BE0F10106}"
EndProject
Global
	GlobalSection(SolutionConfigurationPlatforms) = preSolution
		Debug|Any CPU = Debug|Any CPU
		Release|Any CPU = Release|Any CPU
	EndGlobalSection
	GlobalSection(ProjectConfigurationPlatforms) = postSolution
		{3124B025-037D-4440-8227-E31BE0F10106}.Debug|Any CPU.ActiveCfg = Debug|Any CPU
		{3124B025-037D-4440-8227-E31BE0F10106}.Debug|Any CPU.Build.0 = Debug|Any CPU
		{3124B025-037D-4440-8227-E31BE0F10106}.Release|Any CPU.ActiveCfg = Release|Any CPU
		{3124B025-037D-4440-8227-E31BE0F10106}.Release|Any CPU.Build.0 = Release|Any CPU
	EndGlobalSection
	GlobalSection(SolutionProperties) = preSolution
		HideSolutionNode = FALSE
	EndGlobalSection
	GlobalSection(ExtensibilityGlobals) = postSolution
		SolutionGuid = {18D047F4-23C4-47F6-9217-A4D9DACB1EA2}
	EndGlobalSection
EndGlobal
